
Microsoft Visual Studio Solution File, Format Version 12.00
# Visual Studio Version 17
VisualStudioVersion = 17.5.002.0
MinimumVisualStudioVersion = 10.0.40219.1
Project("{9A19103F-16F7-4668-BE54-9A1E7A4F7556}") = "inventory_blazor.Client", "Client\inventory_blazor.Client.csproj", "{E5C3E8FD-24B1-415F-A346-BC3AA482B4F7}"
EndProject
Project("{9A19103F-16F7-4668-BE54-9A1E7A4F7556}") = "inventory_blazor.Server", "Server\inventory_blazor.Server.csproj", "{50D05127-4622-4908-AF54-E26D7B8AB11E}"
EndProject
Project("{9A19103F-16F7-4668-BE54-9A1E7A4F7556}") = "inventory_blazor.Shared", "Shared\inventory_blazor.Shared.csproj", "{B2BCE600-B93A-47DB-82A8-CF017347A5BA}"
EndProject
Global
	GlobalSection(SolutionConfigurationPlatforms) = preSolution
		Debug|Any CPU = Debug|Any CPU
		Release|Any CPU = Release|Any CPU
	EndGlobalSection
	GlobalSection(ProjectConfigurationPlatforms) = postSolution
		{E5C3E8FD-24B1-415F-A346-BC3AA482B4F7}.Debug|Any CPU.ActiveCfg = Debug|Any CPU
		{E5C3E8FD-24B1-415F-A346-BC3AA482B4F7}.Debug|Any CPU.Build.0 = Debug|Any CPU
		{E5C3E8FD-24B1-415F-A346-BC3AA482B4F7}.Release|Any CPU.ActiveCfg = Release|Any CPU
		{E5C3E8FD-24B1-415F-A346-BC3AA482B4F7}.Release|Any CPU.Build.0 = Release|Any CPU
		{50D05127-4622-4908-AF54-E26D7B8AB11E}.Debug|Any CPU.ActiveCfg = Debug|Any CPU
		{50D05127-4622-4908-AF54-E26D7B8AB11E}.Debug|Any CPU.Build.0 = Debug|Any CPU
		{50D05127-4622-4908-AF54-E26D7B8AB11E}.Release|Any CPU.ActiveCfg = Release|Any CPU
		{50D05127-4622-4908-AF54-E26D7B8AB11E}.Release|Any CPU.Build.0 = Release|Any CPU
		{B2BCE600-B93A-47DB-82A8-CF017347A5BA}.Debug|Any CPU.ActiveCfg = Debug|Any CPU
		{B2BCE600-B93A-47DB-82A8-CF017347A5BA}.Debug|Any CPU.Build.0 = Debug|Any CPU
		{B2BCE600-B93A-47DB-82A8-CF017347A5BA}.Release|Any CPU.ActiveCfg = Release|Any CPU
		{B2BCE600-B93A-47DB-82A8-CF017347A5BA}.Release|Any CPU.Build.0 = Release|Any CPU
	EndGlobalSection
	GlobalSection(SolutionProperties) = preSolution
		HideSolutionNode = FALSE
	EndGlobalSection
	GlobalSection(ExtensibilityGlobals) = postSolution
		SolutionGuid = {E3A22EAE-00A3-4CB4-B55C-D883A0F02A64}
	EndGlobalSection
EndGlobal
